Microsoft Visual Studio Solution File, Format Version 12.00
# Visual Studio Version 17
VisualStudioVersion = 17.5.2.0
MinimumVisualStudioVersion = 10.0.40219.1
Project("{2150E333-8FDC-42A3-9474-1A3956D46DE8}") = "BasketballAPI", "BasketballAPI", "{6140E28A-BAB1-85B3-E046-0CD41EFDDA33}"
EndProject
Project("{FAE04EC0-301F-11D3-BF4B-00C04F79EFBC}") = "BasketballAPI", "BasketballAPI\BasketballAPI\BasketballAPI.csproj", "{EA5B41CF-CEDC-31DF-ED00-4DCC3B6B3215}"
EndProject
Global
	GlobalSection(SolutionConfigurationPlatforms) = preSolution
		Debug|Any CPU = Debug|Any CPU
		Release|Any CPU = Release|Any CPU
	EndGlobalSection
	GlobalSection(ProjectConfigurationPlatforms) = postSolution
		{EA5B41CF-CEDC-31DF-ED00-4DCC3B6B3215}.Debug|Any CPU.ActiveCfg = Debug|Any CPU
		{EA5B41CF-CEDC-31DF-ED00-4DCC3B6B3215}.Debug|Any CPU.Build.0 = Debug|Any CPU
		{EA5B41CF-CEDC-31DF-ED00-4DCC3B6B3215}.Release|Any CPU.ActiveCfg = Release|Any CPU
		{EA5B41CF-CEDC-31DF-ED00-4DCC3B6B3215}.Release|Any CPU.Build.0 = Release|Any CPU
	EndGlobalSection
	GlobalSection(SolutionProperties) = preSolution
		HideSolutionNode = FALSE
	EndGlobalSection
	GlobalSection(NestedProjects) = preSolution
		{EA5B41CF-CEDC-31DF-ED00-4DCC3B6B3215} = {6140E28A-BAB1-85B3-E046-0CD41EFDDA33}
	EndGlobalSection
	GlobalSection(ExtensibilityGlobals) = postSolution
		SolutionGuid = {61024BCC-DD9E-403A-A7BE-061EB203AAF5}
	EndGlobalSection
EndGlobal
